
Microsoft Visual Studio Solution File, Format Version 12.00
# Visual Studio Version 16
VisualStudioVersion = 16.0.30011.22
MinimumVisualStudioVersion = 10.0.40219.1
Project("{FAE04EC0-301F-11D3-BF4B-00C04F79EFBC}") = "BlazingPizza.Server", "BlazingPizza\Server\BlazingPizza.Server.csproj", "{F26F8FA0-DBB6-4658-BB90-10B13DB7FDE8}"
EndProject
Project("{FAE04EC0-301F-11D3-BF4B-00C04F79EFBC}") = "BlazingPizza.Client", "BlazingPizza\Client\BlazingPizza.Client.csproj", "{F79B7E9E-D20A-4D10-A386-1F41DF502E97}"
EndProject
Project("{FAE04EC0-301F-11D3-BF4B-00C04F79EFBC}") = "BlazingPizza.Shared", "BlazingPizza\Shared\BlazingPizza.Shared.csproj", "{8B1A7F33-A2CE-43A1-9693-D880ADBF7264}"
EndProject
Project("{FAE04EC0-301F-11D3-BF4B-00C04F79EFBC}") = "BlazingPizza.ComponentsLibrary", "BlazingPizza.ComponentsLibrary\BlazingPizza.ComponentsLibrary.csproj", "{5B4812CF-6207-44BC-AB20-4E781F58221C}"
EndProject
Global
	GlobalSection(SolutionConfigurationPlatforms) = preSolution
		Debug|Any CPU = Debug|Any CPU
		Release|Any CPU = Release|Any CPU
	EndGlobalSection
	GlobalSection(ProjectConfigurationPlatforms) = postSolution
		{F26F8FA0-DBB6-4658-BB90-10B13DB7FDE8}.Debug|Any CPU.ActiveCfg = Debug|Any CPU
		{F26F8FA0-DBB6-4658-BB90-10B13DB7FDE8}.Debug|Any CPU.Build.0 = Debug|Any CPU
		{F26F8FA0-DBB6-4658-BB90-10B13DB7FDE8}.Release|Any CPU.ActiveCfg = Release|Any CPU
		{F26F8FA0-DBB6-4658-BB90-10B13DB7FDE8}.Release|Any CPU.Build.0 = Release|Any CPU
		{F79B7E9E-D20A-4D10-A386-1F41DF502E97}.Debug|Any CPU.ActiveCfg = Debug|Any CPU
		{F79B7E9E-D20A-4D10-A386-1F41DF502E97}.Debug|Any CPU.Build.0 = Debug|Any CPU
		{F79B7E9E-D20A-4D10-A386-1F41DF502E97}.Release|Any CPU.ActiveCfg = Release|Any CPU
		{F79B7E9E-D20A-4D10-A386-1F41DF502E97}.Release|Any CPU.Build.0 = Release|Any CPU
		{8B1A7F33-A2CE-43A1-9693-D880ADBF7264}.Debug|Any CPU.ActiveCfg = Debug|Any CPU
		{8B1A7F33-A2CE-43A1-9693-D880ADBF7264}.Debug|Any CPU.Build.0 = Debug|Any CPU
		{8B1A7F33-A2CE-43A1-9693-D880ADBF7264}.Release|Any CPU.ActiveCfg = Release|Any CPU
		{8B1A7F33-A2CE-43A1-9693-D880ADBF7264}.Release|Any CPU.Build.0 = Release|Any CPU
		{5B4812CF-6207-44BC-AB20-4E781F58221C}.Debug|Any CPU.ActiveCfg = Debug|Any CPU
		{5B4812CF-6207-44BC-AB20-4E781F58221C}.Debug|Any CPU.Build.0 = Debug|Any CPU
		{5B4812CF-6207-44BC-AB20-4E781F58221C}.Release|Any CPU.ActiveCfg = Release|Any CPU
		{5B4812CF-6207-44BC-AB20-4E781F58221C}.Release|Any CPU.Build.0 = Release|Any CPU
	EndGlobalSection
	GlobalSection(SolutionProperties) = preSolution
		HideSolutionNode = FALSE
	EndGlobalSection
	GlobalSection(ExtensibilityGlobals) = postSolution
		SolutionGuid = {B6666D2D-BF17-4054-83D6-7B018E57E22A}
	EndGlobalSection
EndGlobal
